{
    "name": "candlelite.js.node",
    "version": "0.0.1",
    "lockfileVersion": 3,
    "requires": true,
    "packages": {
        "": {
            "name": "candlelite.js.node",
            "version": "0.0.1",
            "license": "MIT",
            "dependencies": {
                "@sqlite.org/sqlite-wasm": "github:sqlite/sqlite-wasm#node"
            }
        },
        "node_modules/@sqlite.org/sqlite-wasm": {
            "version": "3.44.2-build3",
            "resolved": "git+ssh://git@github.com/sqlite/sqlite-wasm.git#2cd905c03668b6cce82729d2f6cc94f0b9196d2a",
            "license": "Apache-2.0",
            "bin": {
                "sqlite-wasm": "bin/index.js"
            }
        }
    }
}
