
Microsoft Visual Studio Solution File, Format Version 12.00
# Visual Studio Version 16
VisualStudioVersion = 16.0.30114.105
MinimumVisualStudioVersion = 10.0.40219.1
Project("{F2A71F9B-5D33-465A-A702-920D77279786}") = "CandleLite.Core", "CandleLite.Core\CandleLite.Core.fsproj", "{665EA0B1-C239-4685-A041-B981BA789028}"
EndProject
Project("{F2A71F9B-5D33-465A-A702-920D77279786}") = "CandleLite.Tests", "CandleLite.Tests\CandleLite.Tests.fsproj", "{A131B163-2BC4-4FBF-B648-D3CEC339E1F6}"
EndProject
Project("{F2A71F9B-5D33-465A-A702-920D77279786}") = "CandleLite.DotNet.JSON", "CandleLite.DotNet.JSON\CandleLite.DotNet.JSON.fsproj", "{52040E07-2DC3-498C-A946-C677BB12E057}"
EndProject
Project("{F2A71F9B-5D33-465A-A702-920D77279786}") = "CandleLite.DotNet.SQLite", "CandleLite.DotNet.SQLite\CandleLite.DotNet.SQLite.fsproj", "{0E381E85-C930-45CE-90F2-4E5B37320A7A}"
EndProject
Project("{FAE04EC0-301F-11D3-BF4B-00C04F79EFBC}") = "CandleLite.DotNet.SampleServer", "CandleLite.DotNet.SampleServer\CandleLite.DotNet.SampleServer.csproj", "{ECA390BE-CF72-4B35-BE3E-05074E549D10}"
EndProject
Project("{F2A71F9B-5D33-465A-A702-920D77279786}") = "HttpTests", "CandleLite.Tests.HttpTests\HttpTests.fsproj", "{57B0908D-8247-4D24-B89D-AD091D886C93}"
EndProject
Project("{2150E333-8FDC-42A3-9474-1A3956D46DE8}") = "CandleLite.DotNet.WebUI", "CandleLite.DotNet.WebUI", "{F37BB392-7A0F-49D3-9109-1AB6CF8FD2FE}"
EndProject
Project("{F2A71F9B-5D33-465A-A702-920D77279786}") = "CandleLite.DotNet.WebUI.Client", "CandleLite.DotNet.WebUI\Client\CandleLite.DotNet.WebUI.Client.fsproj", "{268162B5-52DC-4FE4-BD33-E9FB0C03B809}"
EndProject
Project("{F2A71F9B-5D33-465A-A702-920D77279786}") = "CandleLite.DotNet.WebUI.Server", "CandleLite.DotNet.WebUI\Server\CandleLite.DotNet.WebUI.Server.fsproj", "{0712C741-8667-4238-9CDA-BDBC33D4D76C}"
EndProject
Project("{F2A71F9B-5D33-465A-A702-920D77279786}") = "CandleLite.JS", "CandleLite.JS\CandleLite.JS.fsproj", "{78BE3D75-AF41-4529-87D4-B1B66F41C3F5}"
EndProject
Project("{F2A71F9B-5D33-465A-A702-920D77279786}") = "LotusLogger.Client", "AdaptiLogger.Client\LotusLogger.Client.fsproj", "{B1A14942-E324-451F-9EAD-891A62BBC4E3}"
EndProject
Global
	GlobalSection(SolutionConfigurationPlatforms) = preSolution
		Debug|Any CPU = Debug|Any CPU
		Release|Any CPU = Release|Any CPU
	EndGlobalSection
	GlobalSection(SolutionProperties) = preSolution
		HideSolutionNode = FALSE
	EndGlobalSection
	GlobalSection(ProjectConfigurationPlatforms) = postSolution
		{665EA0B1-C239-4685-A041-B981BA789028}.Debug|Any CPU.ActiveCfg = Debug|Any CPU
		{665EA0B1-C239-4685-A041-B981BA789028}.Debug|Any CPU.Build.0 = Debug|Any CPU
		{665EA0B1-C239-4685-A041-B981BA789028}.Release|Any CPU.ActiveCfg = Release|Any CPU
		{665EA0B1-C239-4685-A041-B981BA789028}.Release|Any CPU.Build.0 = Release|Any CPU
		{A131B163-2BC4-4FBF-B648-D3CEC339E1F6}.Debug|Any CPU.ActiveCfg = Debug|Any CPU
		{A131B163-2BC4-4FBF-B648-D3CEC339E1F6}.Debug|Any CPU.Build.0 = Debug|Any CPU
		{A131B163-2BC4-4FBF-B648-D3CEC339E1F6}.Release|Any CPU.ActiveCfg = Release|Any CPU
		{A131B163-2BC4-4FBF-B648-D3CEC339E1F6}.Release|Any CPU.Build.0 = Release|Any CPU
		{52040E07-2DC3-498C-A946-C677BB12E057}.Debug|Any CPU.ActiveCfg = Debug|Any CPU
		{52040E07-2DC3-498C-A946-C677BB12E057}.Debug|Any CPU.Build.0 = Debug|Any CPU
		{52040E07-2DC3-498C-A946-C677BB12E057}.Release|Any CPU.ActiveCfg = Release|Any CPU
		{52040E07-2DC3-498C-A946-C677BB12E057}.Release|Any CPU.Build.0 = Release|Any CPU
		{0E381E85-C930-45CE-90F2-4E5B37320A7A}.Debug|Any CPU.ActiveCfg = Debug|Any CPU
		{0E381E85-C930-45CE-90F2-4E5B37320A7A}.Debug|Any CPU.Build.0 = Debug|Any CPU
		{0E381E85-C930-45CE-90F2-4E5B37320A7A}.Release|Any CPU.ActiveCfg = Release|Any CPU
		{0E381E85-C930-45CE-90F2-4E5B37320A7A}.Release|Any CPU.Build.0 = Release|Any CPU
		{ECA390BE-CF72-4B35-BE3E-05074E549D10}.Debug|Any CPU.ActiveCfg = Debug|Any CPU
		{ECA390BE-CF72-4B35-BE3E-05074E549D10}.Debug|Any CPU.Build.0 = Debug|Any CPU
		{ECA390BE-CF72-4B35-BE3E-05074E549D10}.Release|Any CPU.ActiveCfg = Release|Any CPU
		{ECA390BE-CF72-4B35-BE3E-05074E549D10}.Release|Any CPU.Build.0 = Release|Any CPU
		{57B0908D-8247-4D24-B89D-AD091D886C93}.Debug|Any CPU.ActiveCfg = Debug|Any CPU
		{57B0908D-8247-4D24-B89D-AD091D886C93}.Debug|Any CPU.Build.0 = Debug|Any CPU
		{57B0908D-8247-4D24-B89D-AD091D886C93}.Release|Any CPU.ActiveCfg = Release|Any CPU
		{57B0908D-8247-4D24-B89D-AD091D886C93}.Release|Any CPU.Build.0 = Release|Any CPU
		{268162B5-52DC-4FE4-BD33-E9FB0C03B809}.Debug|Any CPU.ActiveCfg = Debug|Any CPU
		{268162B5-52DC-4FE4-BD33-E9FB0C03B809}.Debug|Any CPU.Build.0 = Debug|Any CPU
		{268162B5-52DC-4FE4-BD33-E9FB0C03B809}.Release|Any CPU.ActiveCfg = Release|Any CPU
		{268162B5-52DC-4FE4-BD33-E9FB0C03B809}.Release|Any CPU.Build.0 = Release|Any CPU
		{0712C741-8667-4238-9CDA-BDBC33D4D76C}.Debug|Any CPU.ActiveCfg = Debug|Any CPU
		{0712C741-8667-4238-9CDA-BDBC33D4D76C}.Debug|Any CPU.Build.0 = Debug|Any CPU
		{0712C741-8667-4238-9CDA-BDBC33D4D76C}.Release|Any CPU.ActiveCfg = Release|Any CPU
		{0712C741-8667-4238-9CDA-BDBC33D4D76C}.Release|Any CPU.Build.0 = Release|Any CPU
		{78BE3D75-AF41-4529-87D4-B1B66F41C3F5}.Debug|Any CPU.ActiveCfg = Debug|Any CPU
		{78BE3D75-AF41-4529-87D4-B1B66F41C3F5}.Debug|Any CPU.Build.0 = Debug|Any CPU
		{78BE3D75-AF41-4529-87D4-B1B66F41C3F5}.Release|Any CPU.ActiveCfg = Release|Any CPU
		{78BE3D75-AF41-4529-87D4-B1B66F41C3F5}.Release|Any CPU.Build.0 = Release|Any CPU
		{B1A14942-E324-451F-9EAD-891A62BBC4E3}.Debug|Any CPU.ActiveCfg = Debug|Any CPU
		{B1A14942-E324-451F-9EAD-891A62BBC4E3}.Debug|Any CPU.Build.0 = Debug|Any CPU
		{B1A14942-E324-451F-9EAD-891A62BBC4E3}.Release|Any CPU.ActiveCfg = Release|Any CPU
		{B1A14942-E324-451F-9EAD-891A62BBC4E3}.Release|Any CPU.Build.0 = Release|Any CPU
	EndGlobalSection
	GlobalSection(NestedProjects) = preSolution
		{268162B5-52DC-4FE4-BD33-E9FB0C03B809} = {F37BB392-7A0F-49D3-9109-1AB6CF8FD2FE}
		{0712C741-8667-4238-9CDA-BDBC33D4D76C} = {F37BB392-7A0F-49D3-9109-1AB6CF8FD2FE}
	EndGlobalSection
EndGlobal
